<?xml version="1.0" encoding="utf-8"?>
<Project ToolsVersion="4.0" xmlns="http://schemas.microsoft.com/developer/msbuild/2003">
  <ItemGroup>
    <Filter Include="Source Files">
      <UniqueIdentifier>{4FC737F1-C7A5-4376-A066-2A32D752A2FF}</UniqueIdentifier>
      <Extensions>cpp;c;cc;cxx;c++;cppm;ixx;def;odl;idl;hpj;bat;asm;asmx</Extensions>
    </Filter>
    <Filter Include="Header Files">
      <UniqueIdentifier>{93995380-89BD-4b04-88EB-625FBE52EBFB}</UniqueIdentifier>
      <Extensions>h;hh;hpp;hxx;h++;hm;inl;inc;ipp;xsd</Extensions>
    </Filter>
    <Filter Include="Resource Files">
      <UniqueIdentifier>{67DA6AB6-F800-4c08-8B7A-83BB121AAD01}</UniqueIdentifier>
      <Extensions>rc;ico;cur;bmp;dlg;rc2;rct;bin;rgs;gif;jpg;jpeg;jpe;resx;tiff;tif;png;wav;mfcribbon-ms</Extensions>
    </Filter>
    <Filter Include="Components">
      <UniqueIdentifier>{02137c64-11a1-479a-80bf-5e292a53760e}</UniqueIdentifier>
    </Filter>
    <Filter Include="Components\Header Files">
      <UniqueIdentifier>{af44ff23-74b2-4bb5-ac8f-2a9151b432ee}</UniqueIdentifier>
    </Filter>
    <Filter Include="Components\Source Files">
      <UniqueIdentifier>{8c846426-521a-44b7-b226-130d83d654fc}</UniqueIdentifier>
    </Filter>
    <Filter Include="Character">
      <UniqueIdentifier>{c5379136-3517-4603-9121-f941c79b28e7}</UniqueIdentifier>
    </Filter>
    <Filter Include="Character\Header Files">
      <UniqueIdentifier>{c0f08940-17cb-485c-91ea-6184eaaf9c73}</UniqueIdentifier>
    </Filter>
    <Filter Include="Character\Source Files">
      <UniqueIdentifier>{0ba7e771-5318-4fab-b495-6c3ea8056f68}</UniqueIdentifier>
    </Filter>
    <Filter Include="HelperClasses">
      <UniqueIdentifier>{63353ca1-bdc3-4c6d-9cf1-3ec9ae7251ea}</UniqueIdentifier>
    </Filter>
    <Filter Include="HelperClasses\Header Files">
      <UniqueIdentifier>{fea56e8b-01fe-4f76-902a-c6723e8c9eeb}</UniqueIdentifier>
    </Filter>
    <Filter Include="HelperClasses\Source Files">
      <UniqueIdentifier>{cedad1b5-ba21-46ab-bfde-50a50e6a7462}</UniqueIdentifier>
    </Filter>
    <Filter Include="GameStates">
      <UniqueIdentifier>{40cafbed-f610-4c87-b415-944b644a9067}</UniqueIdentifier>
    </Filter>
    <Filter Include="GameStates\Header Files">
      <UniqueIdentifier>{c954f671-59ca-4105-bfae-d26181e6a586}</UniqueIdentifier>
    </Filter>
    <Filter Include="GameStates\Source Files">
      <UniqueIdentifier>{d27bb1e8-0641-4c2a-a98b-b0a85682ee57}</UniqueIdentifier>
    </Filter>
  </ItemGroup>
  <ItemGroup>
    <ClCompile Include="Pengo.cpp">
      <Filter>Source Files</Filter>
    </ClCompile>
    <ClCompile Include="..\Minigin\FpsComponent.cpp">
      <Filter>Components\Source Files</Filter>
    </ClCompile>
    <ClCompile Include="..\Minigin\HealthComponent.cpp">
      <Filter>Components\Source Files</Filter>
    </ClCompile>
    <ClCompile Include="..\Minigin\MoveComponent.cpp">
      <Filter>Components\Source Files</Filter>
    </ClCompile>
    <ClCompile Include="..\Minigin\PointsComponent.cpp">
      <Filter>Components\Source Files</Filter>
    </ClCompile>
    <ClCompile Include="..\Minigin\RotationComponent.cpp">
      <Filter>Components\Source Files</Filter>
    </ClCompile>
    <ClCompile Include="IdleState.cpp">
      <Filter>Character\Source Files</Filter>
    </ClCompile>
    <ClCompile Include="RunningState.cpp">
      <Filter>Character\Source Files</Filter>
    </ClCompile>
    <ClCompile Include="PushingState.cpp">
      <Filter>Character\Source Files</Filter>
    </ClCompile>
    <ClCompile Include="DeadState.cpp">
      <Filter>Character\Source Files</Filter>
    </ClCompile>
    <ClCompile Include="GameCommands.cpp">
      <Filter>Source Files</Filter>
    </ClCompile>
    <ClCompile Include="CreateEntity.cpp">
      <Filter>HelperClasses\Source Files</Filter>
    </ClCompile>
    <ClCompile Include="GridModel.cpp">
      <Filter>HelperClasses\Source Files</Filter>
    </ClCompile>
    <ClCompile Include="GridLogic.cpp">
      <Filter>HelperClasses\Source Files</Filter>
    </ClCompile>
    <ClCompile Include="GridViewComponent.cpp">
      <Filter>Components\Source Files</Filter>
    </ClCompile>
    <ClCompile Include="PlayerComponent.cpp">
      <Filter>Components\Source Files</Filter>
    </ClCompile>
    <ClCompile Include="LevelManager.cpp">
      <Filter>HelperClasses\Source Files</Filter>
    </ClCompile>
    <ClCompile Include="GameStateManager.cpp">
      <Filter>GameStates\Source Files</Filter>
    </ClCompile>
    <ClCompile Include="MainMenuState.cpp">
      <Filter>GameStates\Source Files</Filter>
    </ClCompile>
    <ClCompile Include="GameCommands.h">
      <Filter>HelperClasses\Header Files</Filter>
    </ClCompile>
    <ClCompile Include="SinglePlayerState.cpp">
      <Filter>GameStates\Source Files</Filter>
    </ClCompile>
    <ClCompile Include="CoOpState.cpp">
      <Filter>GameStates\Source Files</Filter>
    </ClCompile>
    <ClCompile Include="HighScoreManager.cpp">
      <Filter>Source Files</Filter>
    </ClCompile>
    <ClCompile Include="LivesComponent.cpp">
      <Filter>Components\Source Files</Filter>
    </ClCompile>
    <ClCompile Include="GameOverState.cpp">
      <Filter>GameStates\Source Files</Filter>
    </ClCompile>
    <ClCompile Include="ScoreComponent.cpp">
      <Filter>Components\Source Files</Filter>
    </ClCompile>
    <ClCompile Include="EnemyAIComponent.cpp">
      <Filter>Components\Source Files</Filter>
    </ClCompile>
    <ClCompile Include="WallComponent.cpp">
      <Filter>Components\Source Files</Filter>
    </ClCompile>
    <ClCompile Include="PlayerCollisionListener.h">
      <Filter>HelperClasses\Header Files</Filter>
    </ClCompile>
    <ClCompile Include="GameManager.cpp">
      <Filter>HelperClasses\Source Files</Filter>
    </ClCompile>
    <ClCompile Include="SpacialPartitioning.cpp">
      <Filter>HelperClasses\Source Files</Filter>
    </ClCompile>
  </ItemGroup>
  <ItemGroup>
    <ClInclude Include="..\Minigin\LivesDisplay.h">
      <Filter>Header Files</Filter>
    </ClInclude>
    <ClInclude Include="..\Minigin\PointsDisplay.h">
      <Filter>Header Files</Filter>
    </ClInclude>
    <ClInclude Include="..\Minigin\MoveComponent.h">
      <Filter>Components\Header Files</Filter>
    </ClInclude>
    <ClInclude Include="..\Minigin\PointsComponent.h">
      <Filter>Components\Header Files</Filter>
    </ClInclude>
    <ClInclude Include="..\Minigin\HealthComponent.h">
      <Filter>Components\Header Files</Filter>
    </ClInclude>
    <ClInclude Include="..\Minigin\FpsComponent.h">
      <Filter>Components\Header Files</Filter>
    </ClInclude>
    <ClInclude Include="..\Minigin\RotationComponent.h">
      <Filter>Components\Header Files</Filter>
    </ClInclude>
    <ClInclude Include="SoundPlayer.h">
      <Filter>Header Files</Filter>
    </ClInclude>
    <ClInclude Include="GameComponents.h">
      <Filter>Components\Header Files</Filter>
    </ClInclude>
    <ClInclude Include="CharacterComponent.h">
      <Filter>Character\Header Files</Filter>
    </ClInclude>
    <ClInclude Include="CharacterState.h">
      <Filter>Character\Header Files</Filter>
    </ClInclude>
    <ClInclude Include="DeadState.h">
      <Filter>Character\Header Files</Filter>
    </ClInclude>
    <ClInclude Include="IdleState.h">
      <Filter>Character\Header Files</Filter>
    </ClInclude>
    <ClInclude Include="PushingState.h">
      <Filter>Character\Header Files</Filter>
    </ClInclude>
    <ClInclude Include="RunningState.h">
      <Filter>Character\Header Files</Filter>
    </ClInclude>
    <ClInclude Include="CreateEntity.h">
      <Filter>HelperClasses\Header Files</Filter>
    </ClInclude>
    <ClInclude Include="GridModel.h">
      <Filter>HelperClasses\Header Files</Filter>
    </ClInclude>
    <ClInclude Include="GridLogic.h">
      <Filter>HelperClasses\Header Files</Filter>
    </ClInclude>
    <ClInclude Include="GridViewComponent.h">
      <Filter>Components\Header Files</Filter>
    </ClInclude>
    <ClInclude Include="PlayerComponent.h">
      <Filter>Components\Header Files</Filter>
    </ClInclude>
    <ClInclude Include="LevelManager.h">
      <Filter>HelperClasses\Header Files</Filter>
    </ClInclude>
    <ClInclude Include="GameStateManager.h">
      <Filter>GameStates\Header Files</Filter>
    </ClInclude>
    <ClInclude Include="MainMenuState.h">
      <Filter>GameStates\Header Files</Filter>
    </ClInclude>
    <ClInclude Include="MenuCommands.h">
      <Filter>HelperClasses\Header Files</Filter>
    </ClInclude>
    <ClInclude Include="SinglePlayerState.h">
      <Filter>GameStates\Header Files</Filter>
    </ClInclude>
    <ClInclude Include="CoOpState.h">
      <Filter>GameStates\Header Files</Filter>
    </ClInclude>
    <ClInclude Include="HighScoreManager.h">
      <Filter>Header Files</Filter>
    </ClInclude>
    <ClInclude Include="LivesComponent.h">
      <Filter>Components\Header Files</Filter>
    </ClInclude>
    <ClInclude Include="GameOverState.h">
      <Filter>GameStates\Header Files</Filter>
    </ClInclude>
    <ClInclude Include="ScoreComponent.h">
      <Filter>Components\Header Files</Filter>
    </ClInclude>
    <ClInclude Include="EnemyAIComponent.h">
      <Filter>Components\Header Files</Filter>
    </ClInclude>
    <ClInclude Include="WallComponent.h">
      <Filter>Components\Header Files</Filter>
    </ClInclude>
    <ClInclude Include="GameManager.h">
      <Filter>HelperClasses\Header Files</Filter>
    </ClInclude>
    <ClInclude Include="StateComponent.h">
      <Filter>Components\Header Files</Filter>
    </ClInclude>
    <ClInclude Include="SpatialPartitioning.h">
      <Filter>HelperClasses\Header Files</Filter>
    </ClInclude>
  </ItemGroup>
</Project>